Microsoft Visual Studio Solution File, Format Version 12.00
# Visual Studio 2012
Project("{FAE04EC0-301F-11D3-BF4B-00C04F79EFBC}") = "GCL", "GCL.csproj", "{35640A61-09DB-4747-B113-BE40C17A3621}"
EndProject
Project("{FAE04EC0-301F-11D3-BF4B-00C04F79EFBC}") = "Test", "..\Test\Test.csproj", "{28865263-25AD-4FC3-97D2-E6472922591D}"
EndProject
Project("{FAE04EC0-301F-11D3-BF4B-00C04F79EFBC}") = "GCL.Project.MyProcessController", "..\GCL.Project.MyProcessController\GCL.Project.MyProcessController.csproj", "{F8BCCFD9-D7C8-43AA-A380-420D3857FBB3}"
EndProject
Project("{FAE04EC0-301F-11D3-BF4B-00C04F79EFBC}") = "GCL.Project.MyProcessController.MPCForm", "..\GCL.Project.MyProcessController.MPCForm\GCL.Project.MyProcessController.MPCForm.csproj", "{30430632-5AF1-48F9-B9C3-46CDF6946742}"
EndProject
Project("{FAE04EC0-301F-11D3-BF4B-00C04F79EFBC}") = "GCL.Project.MyProcessController.MPCServer", "..\GCL.Project.MyProcessController.MPCServer\GCL.Project.MyProcessController.MPCServer.csproj", "{2B1F81D2-E58B-4854-BAB8-96A25FECAF8F}"
EndProject
Project("{FAE04EC0-301F-11D3-BF4B-00C04F79EFBC}") = "GCL.Project.VESH", "..\VESH\GCL.Project.VESH.csproj", "{14CFCE1B-881B-4041-A5F9-1F6BB952F364}"
EndProject
Project("{FAE04EC0-301F-11D3-BF4B-00C04F79EFBC}") = "VESHTest", "..\VESHTest\VESHTest.csproj", "{496B236A-A43C-4398-867D-B53524FE4352}"
EndProject
Global
	GlobalSection(SolutionConfigurationPlatforms) = preSolution
		Debug|Any CPU = Debug|Any CPU
		Debug|x64 = Debug|x64
		Debug|x86 = Debug|x86
		Release|Any CPU = Release|Any CPU
		Release|x64 = Release|x64
		Release|x86 = Release|x86
		x86|Any CPU = x86|Any CPU
		x86|x64 = x86|x64
		x86|x86 = x86|x86
	EndGlobalSection
	GlobalSection(ProjectConfigurationPlatforms) = postSolution
		{35640A61-09DB-4747-B113-BE40C17A3621}.Debug|Any CPU.ActiveCfg = Debug|Any CPU
		{35640A61-09DB-4747-B113-BE40C17A3621}.Debug|Any CPU.Build.0 = Debug|Any CPU
		{35640A61-09DB-4747-B113-BE40C17A3621}.Debug|x64.ActiveCfg = Debug|x64
		{35640A61-09DB-4747-B113-BE40C17A3621}.Debug|x64.Build.0 = Debug|x64
		{35640A61-09DB-4747-B113-BE40C17A3621}.Debug|x86.ActiveCfg = Debug|x86
		{35640A61-09DB-4747-B113-BE40C17A3621}.Debug|x86.Build.0 = Debug|x86
		{35640A61-09DB-4747-B113-BE40C17A3621}.Release|Any CPU.ActiveCfg = Release|Any CPU
		{35640A61-09DB-4747-B113-BE40C17A3621}.Release|Any CPU.Build.0 = Release|Any CPU
		{35640A61-09DB-4747-B113-BE40C17A3621}.Release|x64.ActiveCfg = Release|x64
		{35640A61-09DB-4747-B113-BE40C17A3621}.Release|x64.Build.0 = Release|x64
		{35640A61-09DB-4747-B113-BE40C17A3621}.Release|x86.ActiveCfg = Release|x86
		{35640A61-09DB-4747-B113-BE40C17A3621}.Release|x86.Build.0 = Release|x86
		{35640A61-09DB-4747-B113-BE40C17A3621}.x86|Any CPU.ActiveCfg = x86|Any CPU
		{35640A61-09DB-4747-B113-BE40C17A3621}.x86|Any CPU.Build.0 = x86|Any CPU
		{35640A61-09DB-4747-B113-BE40C17A3621}.x86|x64.ActiveCfg = x86|x64
		{35640A61-09DB-4747-B113-BE40C17A3621}.x86|x64.Build.0 = x86|x64
		{35640A61-09DB-4747-B113-BE40C17A3621}.x86|x86.ActiveCfg = x86|x86
		{35640A61-09DB-4747-B113-BE40C17A3621}.x86|x86.Build.0 = x86|x86
		{28865263-25AD-4FC3-97D2-E6472922591D}.Debug|Any CPU.ActiveCfg = Debug|Any CPU
		{28865263-25AD-4FC3-97D2-E6472922591D}.Debug|Any CPU.Build.0 = Debug|Any CPU
		{28865263-25AD-4FC3-97D2-E6472922591D}.Debug|x64.ActiveCfg = Debug|Any CPU
		{28865263-25AD-4FC3-97D2-E6472922591D}.Debug|x86.ActiveCfg = Debug|Any CPU
		{28865263-25AD-4FC3-97D2-E6472922591D}.Release|Any CPU.ActiveCfg = Release|Any CPU
		{28865263-25AD-4FC3-97D2-E6472922591D}.Release|Any CPU.Build.0 = Release|Any CPU
		{28865263-25AD-4FC3-97D2-E6472922591D}.Release|x64.ActiveCfg = Release|Any CPU
		{28865263-25AD-4FC3-97D2-E6472922591D}.Release|x86.ActiveCfg = Release|Any CPU
		{28865263-25AD-4FC3-97D2-E6472922591D}.x86|Any CPU.ActiveCfg = Release|Any CPU
		{28865263-25AD-4FC3-97D2-E6472922591D}.x86|Any CPU.Build.0 = Release|Any CPU
		{28865263-25AD-4FC3-97D2-E6472922591D}.x86|x64.ActiveCfg = Release|Any CPU
		{28865263-25AD-4FC3-97D2-E6472922591D}.x86|x86.ActiveCfg = Release|Any CPU
		{F8BCCFD9-D7C8-43AA-A380-420D3857FBB3}.Debug|Any CPU.ActiveCfg = Debug|Any CPU
		{F8BCCFD9-D7C8-43AA-A380-420D3857FBB3}.Debug|Any CPU.Build.0 = Debug|Any CPU
		{F8BCCFD9-D7C8-43AA-A380-420D3857FBB3}.Debug|x64.ActiveCfg = Debug|x64
		{F8BCCFD9-D7C8-43AA-A380-420D3857FBB3}.Debug|x64.Build.0 = Debug|x64
		{F8BCCFD9-D7C8-43AA-A380-420D3857FBB3}.Debug|x86.ActiveCfg = Debug|x86
		{F8BCCFD9-D7C8-43AA-A380-420D3857FBB3}.Debug|x86.Build.0 = Debug|x86
		{F8BCCFD9-D7C8-43AA-A380-420D3857FBB3}.Release|Any CPU.ActiveCfg = Release|Any CPU
		{F8BCCFD9-D7C8-43AA-A380-420D3857FBB3}.Release|Any CPU.Build.0 = Release|Any CPU
		{F8BCCFD9-D7C8-43AA-A380-420D3857FBB3}.Release|x64.ActiveCfg = Release|x64
		{F8BCCFD9-D7C8-43AA-A380-420D3857FBB3}.Release|x64.Build.0 = Release|x64
		{F8BCCFD9-D7C8-43AA-A380-420D3857FBB3}.Release|x86.ActiveCfg = Release|x86
		{F8BCCFD9-D7C8-43AA-A380-420D3857FBB3}.Release|x86.Build.0 = Release|x86
		{F8BCCFD9-D7C8-43AA-A380-420D3857FBB3}.x86|Any CPU.ActiveCfg = x86|Any CPU
		{F8BCCFD9-D7C8-43AA-A380-420D3857FBB3}.x86|Any CPU.Build.0 = x86|Any CPU
		{F8BCCFD9-D7C8-43AA-A380-420D3857FBB3}.x86|x64.ActiveCfg = x86|x64
		{F8BCCFD9-D7C8-43AA-A380-420D3857FBB3}.x86|x64.Build.0 = x86|x64
		{F8BCCFD9-D7C8-43AA-A380-420D3857FBB3}.x86|x86.ActiveCfg = x86|x86
		{F8BCCFD9-D7C8-43AA-A380-420D3857FBB3}.x86|x86.Build.0 = x86|x86
		{30430632-5AF1-48F9-B9C3-46CDF6946742}.Debug|Any CPU.ActiveCfg = Debug|Any CPU
		{30430632-5AF1-48F9-B9C3-46CDF6946742}.Debug|Any CPU.Build.0 = Debug|Any CPU
		{30430632-5AF1-48F9-B9C3-46CDF6946742}.Debug|x64.ActiveCfg = Debug|x64
		{30430632-5AF1-48F9-B9C3-46CDF6946742}.Debug|x64.Build.0 = Debug|x64
		{30430632-5AF1-48F9-B9C3-46CDF6946742}.Debug|x86.ActiveCfg = Debug|x86
		{30430632-5AF1-48F9-B9C3-46CDF6946742}.Debug|x86.Build.0 = Debug|x86
		{30430632-5AF1-48F9-B9C3-46CDF6946742}.Release|Any CPU.ActiveCfg = Release|Any CPU
		{30430632-5AF1-48F9-B9C3-46CDF6946742}.Release|Any CPU.Build.0 = Release|Any CPU
		{30430632-5AF1-48F9-B9C3-46CDF6946742}.Release|x64.ActiveCfg = Release|x64
		{30430632-5AF1-48F9-B9C3-46CDF6946742}.Release|x64.Build.0 = Release|x64
		{30430632-5AF1-48F9-B9C3-46CDF6946742}.Release|x86.ActiveCfg = Release|x86
		{30430632-5AF1-48F9-B9C3-46CDF6946742}.Release|x86.Build.0 = Release|x86
		{30430632-5AF1-48F9-B9C3-46CDF6946742}.x86|Any CPU.ActiveCfg = x86|Any CPU
		{30430632-5AF1-48F9-B9C3-46CDF6946742}.x86|Any CPU.Build.0 = x86|Any CPU
		{30430632-5AF1-48F9-B9C3-46CDF6946742}.x86|x64.ActiveCfg = x86|x64
		{30430632-5AF1-48F9-B9C3-46CDF6946742}.x86|x64.Build.0 = x86|x64
		{30430632-5AF1-48F9-B9C3-46CDF6946742}.x86|x86.ActiveCfg = x86|x86
		{30430632-5AF1-48F9-B9C3-46CDF6946742}.x86|x86.Build.0 = x86|x86
		{2B1F81D2-E58B-4854-BAB8-96A25FECAF8F}.Debug|Any CPU.ActiveCfg = Debug|Any CPU
		{2B1F81D2-E58B-4854-BAB8-96A25FECAF8F}.Debug|Any CPU.Build.0 = Debug|Any CPU
		{2B1F81D2-E58B-4854-BAB8-96A25FECAF8F}.Debug|x64.ActiveCfg = Debug|x64
		{2B1F81D2-E58B-4854-BAB8-96A25FECAF8F}.Debug|x64.Build.0 = Debug|x64
		{2B1F81D2-E58B-4854-BAB8-96A25FECAF8F}.Debug|x86.ActiveCfg = Debug|x86
		{2B1F81D2-E58B-4854-BAB8-96A25FECAF8F}.Debug|x86.Build.0 = Debug|x86
		{2B1F81D2-E58B-4854-BAB8-96A25FECAF8F}.Release|Any CPU.ActiveCfg = Release|Any CPU
		{2B1F81D2-E58B-4854-BAB8-96A25FECAF8F}.Release|Any CPU.Build.0 = Release|Any CPU
		{2B1F81D2-E58B-4854-BAB8-96A25FECAF8F}.Release|x64.ActiveCfg = Release|x64
		{2B1F81D2-E58B-4854-BAB8-96A25FECAF8F}.Release|x64.Build.0 = Release|x64
		{2B1F81D2-E58B-4854-BAB8-96A25FECAF8F}.Release|x86.ActiveCfg = Release|x86
		{2B1F81D2-E58B-4854-BAB8-96A25FECAF8F}.Release|x86.Build.0 = Release|x86
		{2B1F81D2-E58B-4854-BAB8-96A25FECAF8F}.x86|Any CPU.ActiveCfg = x86|Any CPU
		{2B1F81D2-E58B-4854-BAB8-96A25FECAF8F}.x86|Any CPU.Build.0 = x86|Any CPU
		{2B1F81D2-E58B-4854-BAB8-96A25FECAF8F}.x86|x64.ActiveCfg = x86|x64
		{2B1F81D2-E58B-4854-BAB8-96A25FECAF8F}.x86|x64.Build.0 = x86|x64
		{2B1F81D2-E58B-4854-BAB8-96A25FECAF8F}.x86|x86.ActiveCfg = x86|x86
		{2B1F81D2-E58B-4854-BAB8-96A25FECAF8F}.x86|x86.Build.0 = x86|x86
		{14CFCE1B-881B-4041-A5F9-1F6BB952F364}.Debug|Any CPU.ActiveCfg = Debug|Any CPU
		{14CFCE1B-881B-4041-A5F9-1F6BB952F364}.Debug|Any CPU.Build.0 = Debug|Any CPU
		{14CFCE1B-881B-4041-A5F9-1F6BB952F364}.Debug|x64.ActiveCfg = Debug|x64
		{14CFCE1B-881B-4041-A5F9-1F6BB952F364}.Debug|x64.Build.0 = Debug|x64
		{14CFCE1B-881B-4041-A5F9-1F6BB952F364}.Debug|x86.ActiveCfg = Debug|x86
		{14CFCE1B-881B-4041-A5F9-1F6BB952F364}.Debug|x86.Build.0 = Debug|x86
		{14CFCE1B-881B-4041-A5F9-1F6BB952F364}.Release|Any CPU.ActiveCfg = Release|Any CPU
		{14CFCE1B-881B-4041-A5F9-1F6BB952F364}.Release|Any CPU.Build.0 = Release|Any CPU
		{14CFCE1B-881B-4041-A5F9-1F6BB952F364}.Release|x64.ActiveCfg = Release|x64
		{14CFCE1B-881B-4041-A5F9-1F6BB952F364}.Release|x64.Build.0 = Release|x64
		{14CFCE1B-881B-4041-A5F9-1F6BB952F364}.Release|x86.ActiveCfg = Release|x86
		{14CFCE1B-881B-4041-A5F9-1F6BB952F364}.Release|x86.Build.0 = Release|x86
		{14CFCE1B-881B-4041-A5F9-1F6BB952F364}.x86|Any CPU.ActiveCfg = x86|Any CPU
		{14CFCE1B-881B-4041-A5F9-1F6BB952F364}.x86|Any CPU.Build.0 = x86|Any CPU
		{14CFCE1B-881B-4041-A5F9-1F6BB952F364}.x86|x64.ActiveCfg = x86|x64
		{14CFCE1B-881B-4041-A5F9-1F6BB952F364}.x86|x64.Build.0 = x86|x64
		{14CFCE1B-881B-4041-A5F9-1F6BB952F364}.x86|x86.ActiveCfg = x86|x86
		{14CFCE1B-881B-4041-A5F9-1F6BB952F364}.x86|x86.Build.0 = x86|x86
		{496B236A-A43C-4398-867D-B53524FE4352}.Debug|Any CPU.ActiveCfg = Debug|Any CPU
		{496B236A-A43C-4398-867D-B53524FE4352}.Debug|Any CPU.Build.0 = Debug|Any CPU
		{496B236A-A43C-4398-867D-B53524FE4352}.Debug|x64.ActiveCfg = Debug|x64
		{496B236A-A43C-4398-867D-B53524FE4352}.Debug|x64.Build.0 = Debug|x64
		{496B236A-A43C-4398-867D-B53524FE4352}.Debug|x86.ActiveCfg = Debug|x86
		{496B236A-A43C-4398-867D-B53524FE4352}.Debug|x86.Build.0 = Debug|x86
		{496B236A-A43C-4398-867D-B53524FE4352}.Release|Any CPU.ActiveCfg = Release|Any CPU
		{496B236A-A43C-4398-867D-B53524FE4352}.Release|Any CPU.Build.0 = Release|Any CPU
		{496B236A-A43C-4398-867D-B53524FE4352}.Release|x64.ActiveCfg = Release|x64
		{496B236A-A43C-4398-867D-B53524FE4352}.Release|x64.Build.0 = Release|x64
		{496B236A-A43C-4398-867D-B53524FE4352}.Release|x86.ActiveCfg = Release|x86
		{496B236A-A43C-4398-867D-B53524FE4352}.Release|x86.Build.0 = Release|x86
		{496B236A-A43C-4398-867D-B53524FE4352}.x86|Any CPU.ActiveCfg = x86|Any CPU
		{496B236A-A43C-4398-867D-B53524FE4352}.x86|Any CPU.Build.0 = x86|Any CPU
		{496B236A-A43C-4398-867D-B53524FE4352}.x86|x64.ActiveCfg = x86|x64
		{496B236A-A43C-4398-867D-B53524FE4352}.x86|x64.Build.0 = x86|x64
		{496B236A-A43C-4398-867D-B53524FE4352}.x86|x86.ActiveCfg = x86|x86
		{496B236A-A43C-4398-867D-B53524FE4352}.x86|x86.Build.0 = x86|x86
	EndGlobalSection
	GlobalSection(SolutionProperties) = preSolution
		HideSolutionNode = FALSE
	EndGlobalSection
	GlobalSection(Performance) = preSolution
		HasPerformanceSessions = true
	EndGlobalSection
	GlobalSection(SubversionScc) = preSolution
		Svn-Managed = True
		Manager = AnkhSVN - Subversion Support for Visual Studio
	EndGlobalSection
EndGlobal
